
Microsoft Visual Studio Solution File, Format Version 11.00
# Visual Studio 2010
Project("{FAE04EC0-301F-11D3-BF4B-00C04F79EFBC}") = "12 CheckBox Control", "12 CheckBox Control\12 CheckBox Control.csproj", "{851B7651-EE36-400B-9BE9-5AC039A4DBF1}"
EndProject
Global
	GlobalSection(SolutionConfigurationPlatforms) = preSolution
		Debug|Any CPU = Debug|Any CPU
		Release|Any CPU = Release|Any CPU
	EndGlobalSection
	GlobalSection(ProjectConfigurationPlatforms) = postSolution
		{851B7651-EE36-400B-9BE9-5AC039A4DBF1}.Debug|Any CPU.ActiveCfg = Debug|Any CPU
		{851B7651-EE36-400B-9BE9-5AC039A4DBF1}.Debug|Any CPU.Build.0 = Debug|Any CPU
		{851B7651-EE36-400B-9BE9-5AC039A4DBF1}.Release|Any CPU.ActiveCfg = Release|Any CPU
		{851B7651-EE36-400B-9BE9-5AC039A4DBF1}.Release|Any CPU.Build.0 = Release|Any CPU
	EndGlobalSection
	GlobalSection(SolutionProperties) = preSolution
		HideSolutionNode = FALSE
	EndGlobalSection
EndGlobal
