
Microsoft Visual Studio Solution File, Format Version 11.00
# Visual Studio 2010
Project("{FAE04EC0-301F-11D3-BF4B-00C04F79EFBC}") = "19 VirtualPath to PhysicalPath using MapPath", "19 VirtualPath to PhysicalPath using MapPath\19 VirtualPath to PhysicalPath using MapPath.csproj", "{8CB3CA0F-C177-469A-804B-1307AA834B65}"
EndProject
Global
	GlobalSection(SolutionConfigurationPlatforms) = preSolution
		Debug|Any CPU = Debug|Any CPU
		Release|Any CPU = Release|Any CPU
	EndGlobalSection
	GlobalSection(ProjectConfigurationPlatforms) = postSolution
		{8CB3CA0F-C177-469A-804B-1307AA834B65}.Debug|Any CPU.ActiveCfg = Debug|Any CPU
		{8CB3CA0F-C177-469A-804B-1307AA834B65}.Debug|Any CPU.Build.0 = Debug|Any CPU
		{8CB3CA0F-C177-469A-804B-1307AA834B65}.Release|Any CPU.ActiveCfg = Release|Any CPU
		{8CB3CA0F-C177-469A-804B-1307AA834B65}.Release|Any CPU.Build.0 = Release|Any CPU
	EndGlobalSection
	GlobalSection(SolutionProperties) = preSolution
		HideSolutionNode = FALSE
	EndGlobalSection
EndGlobal
